
Microsoft Visual Studio Solution File, Format Version 12.00
# Visual Studio 15
VisualStudioVersion = 15.0.28307.489
MinimumVisualStudioVersion = 10.0.40219.1
Project("{FAE04EC0-301F-11D3-BF4B-00C04F79EFBC}") = "ConsoleApp3", "ConsoleApp3.csproj", "{87C0C833-28E9-47D0-98FA-8AD139B74CFD}"
EndProject
Global
	GlobalSection(SolutionConfigurationPlatforms) = preSolution
		Debug|Any CPU = Debug|Any CPU
		Release|Any CPU = Release|Any CPU
	EndGlobalSection
	GlobalSection(ProjectConfigurationPlatforms) = postSolution
		{87C0C833-28E9-47D0-98FA-8AD139B74CFD}.Debug|Any CPU.ActiveCfg = Debug|Any CPU
		{87C0C833-28E9-47D0-98FA-8AD139B74CFD}.Debug|Any CPU.Build.0 = Debug|Any CPU
		{87C0C833-28E9-47D0-98FA-8AD139B74CFD}.Release|Any CPU.ActiveCfg = Release|Any CPU
		{87C0C833-28E9-47D0-98FA-8AD139B74CFD}.Release|Any CPU.Build.0 = Release|Any CPU
	EndGlobalSection
	GlobalSection(SolutionProperties) = preSolution
		HideSolutionNode = FALSE
	EndGlobalSection
	GlobalSection(ExtensibilityGlobals) = postSolution
		SolutionGuid = {4DAABA69-DF2E-4A94-B8E2-39ABD10B1F65}
	EndGlobalSection
EndGlobal
